
Microsoft Visual Studio Solution File, Format Version 12.00
# Visual Studio Version 17
VisualStudioVersion = 17.6.33801.468
MinimumVisualStudioVersion = 10.0.40219.1
Project("{FAE04EC0-301F-11D3-BF4B-00C04F79EFBC}") = "CandyShop", "CandyShop.csproj", "{95E0C593-7154-4475-B39B-8A6D8C696C8E}"
EndProject
Global
	GlobalSection(SolutionConfigurationPlatforms) = preSolution
		Debug|Any CPU = Debug|Any CPU
		Release|Any CPU = Release|Any CPU
	EndGlobalSection
	GlobalSection(ProjectConfigurationPlatforms) = postSolution
		{95E0C593-7154-4475-B39B-8A6D8C696C8E}.Debug|Any CPU.ActiveCfg = Debug|Any CPU
		{95E0C593-7154-4475-B39B-8A6D8C696C8E}.Debug|Any CPU.Build.0 = Debug|Any CPU
		{95E0C593-7154-4475-B39B-8A6D8C696C8E}.Release|Any CPU.ActiveCfg = Release|Any CPU
		{95E0C593-7154-4475-B39B-8A6D8C696C8E}.Release|Any CPU.Build.0 = Release|Any CPU
	EndGlobalSection
	GlobalSection(SolutionProperties) = preSolution
		HideSolutionNode = FALSE
	EndGlobalSection
	GlobalSection(ExtensibilityGlobals) = postSolution
		SolutionGuid = {467EEC3B-7597-4CED-B422-5915D3D678E9}
	EndGlobalSection
EndGlobal
